// !$*UTF8*$!
{
	archiveVersion = 1;
	classes = {
	};
	objectVersion = 50;
	objects = {

/* Begin PBXBuildFile section */
		D1D2BEB7263A875C007D63B4 /* AppDelegate.swift in Sources */ = {isa = PBXBuildFile; fileRef = D1D2BEB6263A875C007D63B4 /* AppDelegate.swift */; };
		D1D2BEB9263A875C007D63B4 /* SceneDelegate.swift in Sources */ = {isa = PBXBuildFile; fileRef = D1D2BEB8263A875C007D63B4 /* SceneDelegate.swift */; };
		D1D2BEBB263A875C007D63B4 /* ViewController.swift in Sources */ = {isa = PBXBuildFile; fileRef = D1D2BEBA263A875C007D63B4 /* ViewController.swift */; };
		D1D2BEBE263A875C007D63B4 /* Main.storyboard in Resources */ = {isa = PBXBuildFile; fileRef = D1D2BEBC263A875C007D63B4 /* Main.storyboard */; };
		D1D2BEC0263A8764007D63B4 /* Assets.xcassets in Resources */ = {isa = PBXBuildFile; fileRef = D1D2BEBF263A8764007D63B4 /* Assets.xcassets */; };
		D1D2BEC3263A8764007D63B4 /* LaunchScreen.storyboard in Resources */ = {isa = PBXBuildFile; fileRef = D1D2BEC1263A8764007D63B4 /* LaunchScreen.storyboard */; };
		EB0A775052E71814C152E25F /* Pods_MemoryTrace.framework in Frameworks */ = {isa = PBXBuildFile; fileRef = AB40FE61FE49DF7EB01799E8 /* Pods_MemoryTrace.framework */; };
/* End PBXBuildFile section */

/* Begin PBXFileReference section */
		05F3128E515B87D7E7D37E69 /* Pods-MemoryTrace.release.xcconfig */ = {isa = PBXFileReference; includeInIndex = 1; lastKnownFileType = text.xcconfig; name = "Pods-MemoryTrace.release.xcconfig"; path = "Target Support Files/Pods-MemoryTrace/Pods-MemoryTrace.release.xcconfig"; sourceTree = "<group>"; };
		AB40FE61FE49DF7EB01799E8 /* Pods_MemoryTrace.framework */ = {isa = PBXFileReference; explicitFileType = wrapper.framework; includeInIndex = 0; path = Pods_MemoryTrace.framework; sourceTree = BUILT_PRODUCTS_DIR; };
		D1D2BEB3263A875C007D63B4 /* MemoryTrace.app */ = {isa = PBXFileReference; explicitFileType = wrapper.application; includeInIndex = 0; path = MemoryTrace.app; sourceTree = BUILT_PRODUCTS_DIR; };
		D1D2BEB6263A875C007D63B4 /* AppDelegate.swift */ = {isa = PBXFileReference; lastKnownFileType = sourcecode.swift; path = AppDelegate.swift; sourceTree = "<group>"; };
		D1D2BEB8263A875C007D63B4 /* SceneDelegate.swift */ = {isa = PBXFileReference; lastKnownFileType = sourcecode.swift; path = SceneDelegate.swift; sourceTree = "<group>"; };
		D1D2BEBA263A875C007D63B4 /* ViewController.swift */ = {isa = PBXFileReference; lastKnownFileType = sourcecode.swift; path = ViewController.swift; sourceTree = "<group>"; };
		D1D2BEBD263A875C007D63B4 /* Base */ = {isa = PBXFileReference; lastKnownFileType = file.storyboard; name = Base; path = Base.lproj/Main.storyboard; sourceTree = "<group>"; };
		D1D2BEBF263A8764007D63B4 /* Assets.xcassets */ = {isa = PBXFileReference; lastKnownFileType = folder.assetcatalog; path = Assets.xcassets; sourceTree = "<group>"; };
		D1D2BEC2263A8764007D63B4 /* Base */ = {isa = PBXFileReference; lastKnownFileType = file.storyboard; name = Base; path = Base.lproj/LaunchScreen.storyboard; sourceTree = "<group>"; };
		D1D2BEC4263A8764007D63B4 /* Info.plist */ = {isa = PBXFileReference; lastKnownFileType = text.plist.xml; path = Info.plist; sourceTree = "<group>"; };
		DA0EB8E6D784846827C560F7 /* Pods-MemoryTrace.debug.xcconfig */ = {isa = PBXFileReference; includeInIndex = 1; lastKnownFileType = text.xcconfig; name = "Pods-MemoryTrace.debug.xcconfig"; path = "Target Support Files/Pods-MemoryTrace/Pods-MemoryTrace.debug.xcconfig"; sourceTree = "<group>"; };
/* End PBXFileReference section */

/* Begin PBXFrameworksBuildPhase section */
		D1D2BEB0263A875C007D63B4 /* Frameworks */ = {
			isa = PBXFrameworksBuildPhase;
			buildActionMask = 2147483647;
			files = (
				EB0A775052E71814C152E25F /* Pods_MemoryTrace.framework in Frameworks */,
			);
			runOnlyForDeploymentPostprocessing = 0;
		};
/* End PBXFrameworksBuildPhase section */

/* Begin PBXGroup section */
		3F0752D0A32D4230DC5D8F78 /* Pods */ = {
			isa = PBXGroup;
			children = (
				DA0EB8E6D784846827C560F7 /* Pods-MemoryTrace.debug.xcconfig */,
				05F3128E515B87D7E7D37E69 /* Pods-MemoryTrace.release.xcconfig */,
			);
			name = Pods;
			path = Pods;
			sourceTree = "<group>";
		};
		76FC84278211BE7208C99AB9 /* Frameworks */ = {
			isa = PBXGroup;
			children = (
				AB40FE61FE49DF7EB01799E8 /* Pods_MemoryTrace.framework */,
			);
			name = Frameworks;
			sourceTree = "<group>";
		};
		D1D2BEAA263A875C007D63B4 = {
			isa = PBXGroup;
			children = (
				D1D2BEB5263A875C007D63B4 /* MemoryTrace */,
				D1D2BEB4263A875C007D63B4 /* Products */,
				3F0752D0A32D4230DC5D8F78 /* Pods */,
				76FC84278211BE7208C99AB9 /* Frameworks */,
			);
			sourceTree = "<group>";
		};
		D1D2BEB4263A875C007D63B4 /* Products */ = {
			isa = PBXGroup;
			children = (
				D1D2BEB3263A875C007D63B4 /* MemoryTrace.app */,
			);
			name = Products;
			sourceTree = "<group>";
		};
		D1D2BEB5263A875C007D63B4 /* MemoryTrace */ = {
			isa = PBXGroup;
			children = (
				D1D2BEB6263A875C007D63B4 /* AppDelegate.swift */,
				D1D2BEB8263A875C007D63B4 /* SceneDelegate.swift */,
				D1D2BEBA263A875C007D63B4 /* ViewController.swift */,
				D1D2BEBC263A875C007D63B4 /* Main.storyboard */,
				D1D2BEBF263A8764007D63B4 /* Assets.xcassets */,
				D1D2BEC1263A8764007D63B4 /* LaunchScreen.storyboard */,
				D1D2BEC4263A8764007D63B4 /* Info.plist */,
			);
			path = MemoryTrace;
			sourceTree = "<group>";
		};
/* End PBXGroup section */

/* Begin PBXNativeTarget section */
		D1D2BEB2263A875C007D63B4 /* MemoryTrace */ = {
			isa = PBXNativeTarget;
			buildConfigurationList = D1D2BEC7263A8764007D63B4 /* Build configuration list for PBXNativeTarget "MemoryTrace" */;
			buildPhases = (
				FD0414BDEF1CB3FF2AE1AFDA /* [CP] Check Pods Manifest.lock */,
				D1D2BEAF263A875C007D63B4 /* Sources */,
				D1D2BEB0263A875C007D63B4 /* Frameworks */,
				D1D2BEB1263A875C007D63B4 /* Resources */,
				8FE8E3330744DBDB1BF80239 /* [CP] Embed Pods Frameworks */,
			);
			buildRules = (
			);
			dependencies = (
			);
			name = MemoryTrace;
			productName = MemoryTrace;
			productReference = D1D2BEB3263A875C007D63B4 /* MemoryTrace.app */;
			productType = "com.apple.product-type.application";
		};
/* End PBXNativeTarget section */

/* Begin PBXProject section */
		D1D2BEAB263A875C007D63B4 /* Project object */ = {
			isa = PBXProject;
			attributes = {
				LastSwiftUpdateCheck = 1240;
				LastUpgradeCheck = 1240;
				TargetAttributes = {
					D1D2BEB2263A875C007D63B4 = {
						CreatedOnToolsVersion = 12.4;
					};
				};
			};
			buildConfigurationList = D1D2BEAE263A875C007D63B4 /* Build configuration list for PBXProject "MemoryTrace" */;
			compatibilityVersion = "Xcode 9.3";
			developmentRegion = en;
			hasScannedForEncodings = 0;
			knownRegions = (
				en,
				Base,
			);
			mainGroup = D1D2BEAA263A875C007D63B4;
			productRefGroup = D1D2BEB4263A875C007D63B4 /* Products */;
			projectDirPath = "";
			projectRoot = "";
			targets = (
				D1D2BEB2263A875C007D63B4 /* MemoryTrace */,
			);
		};
/* End PBXProject section */

/* Begin PBXResourcesBuildPhase section */
		D1D2BEB1263A875C007D63B4 /* Resources */ = {
			isa = PBXResourcesBuildPhase;
			buildActionMask = 2147483647;
			files = (
				D1D2BEC3263A8764007D63B4 /* LaunchScreen.storyboard in Resources */,
				D1D2BEC0263A8764007D63B4 /* Assets.xcassets in Resources */,
				D1D2BEBE263A875C007D63B4 /* Main.storyboard in Resources */,
			);
			runOnlyForDeploymentPostprocessing = 0;
		};
/* End PBXResourcesBuildPhase section */

/* Begin PBXShellScriptBuildPhase section */
		8FE8E3330744DBDB1BF80239 /* [CP] Embed Pods Frameworks */ = {
			isa = PBXShellScriptBuildPhase;
			buildActionMask = 2147483647;
			files = (
			);
			inputFileListPaths = (
				"${PODS_ROOT}/Target Support Files/Pods-MemoryTrace/Pods-MemoryTrace-frameworks-${CONFIGURATION}-input-files.xcfilelist",
			);
			name = "[CP] Embed Pods Frameworks";
			outputFileListPaths = (
				"${PODS_ROOT}/Target Support Files/Pods-MemoryTrace/Pods-MemoryTrace-frameworks-${CONFIGURATION}-output-files.xcfilelist",
			);
			runOnlyForDeploymentPostprocessing = 0;
			shellPath = /bin/sh;
			shellScript = "\"${PODS_ROOT}/Target Support Files/Pods-MemoryTrace/Pods-MemoryTrace-frameworks.sh\"\n";
			showEnvVarsInLog = 0;
		};
		FD0414BDEF1CB3FF2AE1AFDA /* [CP] Check Pods Manifest.lock */ = {
			isa = PBXShellScriptBuildPhase;
			buildActionMask = 2147483647;
			files = (
			);
			inputFileListPaths = (
			);
			inputPaths = (
				"${PODS_PODFILE_DIR_PATH}/Podfile.lock",
				"${PODS_ROOT}/Manifest.lock",
			);
			name = "[CP] Check Pods Manifest.lock";
			outputFileListPaths = (
			);
			outputPaths = (
				"$(DERIVED_FILE_DIR)/Pods-MemoryTrace-checkManifestLockResult.txt",
			);
			runOnlyForDeploymentPostprocessing = 0;
			shellPath = /bin/sh;
			shellScript = "diff \"${PODS_PODFILE_DIR_PATH}/Podfile.lock\" \"${PODS_ROOT}/Manifest.lock\" > /dev/null\nif [ $? != 0 ] ; then\n    # print error to STDERR\n    echo \"error: The sandbox is not in sync with the Podfile.lock. Run 'pod install' or update your CocoaPods installation.\" >&2\n    exit 1\nfi\n# This output is used by Xcode 'outputs' to avoid re-running this script phase.\necho \"SUCCESS\" > \"${SCRIPT_OUTPUT_FILE_0}\"\n";
			showEnvVarsInLog = 0;
		};
/* End PBXShellScriptBuildPhase section */

/* Begin PBXSourcesBuildPhase section */
		D1D2BEAF263A875C007D63B4 /* Sources */ = {
			isa = PBXSourcesBuildPhase;
			buildActionMask = 2147483647;
			files = (
				D1D2BEBB263A875C007D63B4 /* ViewController.swift in Sources */,
				D1D2BEB7263A875C007D63B4 /* AppDelegate.swift in Sources */,
				D1D2BEB9263A875C007D63B4 /* SceneDelegate.swift in Sources */,
			);
			runOnlyForDeploymentPostprocessing = 0;
		};
/* End PBXSourcesBuildPhase section */

/* Begin PBXVariantGroup section */
		D1D2BEBC263A875C007D63B4 /* Main.storyboard */ = {
			isa = PBXVariantGroup;
			children = (
				D1D2BEBD263A875C007D63B4 /* Base */,
			);
			name = Main.storyboard;
			sourceTree = "<group>";
		};
		D1D2BEC1263A8764007D63B4 /* LaunchScreen.storyboard */ = {
			isa = PBXVariantGroup;
			children = (
				D1D2BEC2263A8764007D63B4 /* Base */,
			);
			name = LaunchScreen.storyboard;
			sourceTree = "<group>";
		};
/* End PBXVariantGroup section */

/* Begin XCBuildConfiguration section */
		D1D2BEC5263A8764007D63B4 /* Debug */ = {
			isa = XCBuildConfiguration;
			buildSettings = {
				ALWAYS_SEARCH_USER_PATHS = NO;
				CLANG_ANALYZER_NONNULL = YES;
				CLANG_ANALYZER_NUMBER_OBJECT_CONVERSION = YES_AGGRESSIVE;
				CLANG_CXX_LANGUAGE_STANDARD = "gnu++14";
				CLANG_CXX_LIBRARY = "libc++";
				CLANG_ENABLE_MODULES = YES;
				CLANG_ENABLE_OBJC_ARC = YES;
				CLANG_ENABLE_OBJC_WEAK = YES;
				CLANG_WARN_BLOCK_CAPTURE_AUTORELEASING = YES;
				CLANG_WARN_BOOL_CONVERSION = YES;
				CLANG_WARN_COMMA = YES;
				CLANG_WARN_CONSTANT_CONVERSION = YES;
				CLANG_WARN_DEPRECATED_OBJC_IMPLEMENTATIONS = YES;
				CLANG_WARN_DIRECT_OBJC_ISA_USAGE = YES_ERROR;
				CLANG_WARN_DOCUMENTATION_COMMENTS = YES;
				CLANG_WARN_EMPTY_BODY = YES;
				CLANG_WARN_ENUM_CONVERSION = YES;
				CLANG_WARN_INFINITE_RECURSION = YES;
				CLANG_WARN_INT_CONVERSION = YES;
				CLANG_WARN_NON_LITERAL_NULL_CONVERSION = YES;
				CLANG_WARN_OBJC_IMPLICIT_RETAIN_SELF = YES;
				CLANG_WARN_OBJC_LITERAL_CONVERSION = YES;
				CLANG_WARN_OBJC_ROOT_CLASS = YES_ERROR;
				CLANG_WARN_QUOTED_INCLUDE_IN_FRAMEWORK_HEADER = YES;
				CLANG_WARN_RANGE_LOOP_ANALYSIS = YES;
				CLANG_WARN_STRICT_PROTOTYPES = YES;
				CLANG_WARN_SUSPICIOUS_MOVE = YES;
				CLANG_WARN_UNGUARDED_AVAILABILITY = YES_AGGRESSIVE;
				CLANG_WARN_UNREACHABLE_CODE = YES;
				CLANG_WARN__DUPLICATE_METHOD_MATCH = YES;
				COPY_PHASE_STRIP = NO;
				DEBUG_INFORMATION_FORMAT = dwarf;
				ENABLE_STRICT_OBJC_MSGSEND = YES;
				ENABLE_TESTABILITY = YES;
				GCC_C_LANGUAGE_STANDARD = gnu11;
				GCC_DYNAMIC_NO_PIC = NO;
				GCC_NO_COMMON_BLOCKS = YES;
				GCC_OPTIMIZATION_LEVEL = 0;
				GCC_PREPROCESSOR_DEFINITIONS = (
					"DEBUG=1",
					"$(inherited)",
				);
				GCC_WARN_64_TO_32_BIT_CONVERSION = YES;
				GCC_WARN_ABOUT_RETURN_TYPE = YES_ERROR;
				GCC_WARN_UNDECLARED_SELECTOR = YES;
				GCC_WARN_UNINITIALIZED_AUTOS = YES_AGGRESSIVE;
				GCC_WARN_UNUSED_FUNCTION = YES;
				GCC_WARN_UNUSED_VARIABLE = YES;
				IPHONEOS_DEPLOYMENT_TARGET = 14.4;
				MTL_ENABLE_DEBUG_INFO = INCLUDE_SOURCE;
				MTL_FAST_MATH = YES;
				ONLY_ACTIVE_ARCH = YES;
				SDKROOT = iphoneos;
				SWIFT_ACTIVE_COMPILATION_CONDITIONS = DEBUG;
				SWIFT_OPTIMIZATION_LEVEL = "-Onone";
			};
			name = Debug;
		};
		D1D2BEC6263A8764007D63B4 /* Release */ = {
			isa = XCBuildConfiguration;
			buildSettings = {
				ALWAYS_SEARCH_USER_PATHS = NO;
				CLANG_ANALYZER_NONNULL = YES;
				CLANG_ANALYZER_NUMBER_OBJECT_CONVERSION = YES_AGGRESSIVE;
				CLANG_CXX_LANGUAGE_STANDARD = "gnu++14";
				CLANG_CXX_LIBRARY = "libc++";
				CLANG_ENABLE_MODULES = YES;
				CLANG_ENABLE_OBJC_ARC = YES;
				CLANG_ENABLE_OBJC_WEAK = YES;
				CLANG_WARN_BLOCK_CAPTURE_AUTORELEASING = YES;
				CLANG_WARN_BOOL_CONVERSION = YES;
				CLANG_WARN_COMMA = YES;
				CLANG_WARN_CONSTANT_CONVERSION = YES;
				CLANG_WARN_DEPRECATED_OBJC_IMPLEMENTATIONS = YES;
				CLANG_WARN_DIRECT_OBJC_ISA_USAGE = YES_ERROR;
				CLANG_WARN_DOCUMENTATION_COMMENTS = YES;
				CLANG_WARN_EMPTY_BODY = YES;
				CLANG_WARN_ENUM_CONVERSION = YES;
				CLANG_WARN_INFINITE_RECURSION = YES;
				CLANG_WARN_INT_CONVERSION = YES;
				CLANG_WARN_NON_LITERAL_NULL_CONVERSION = YES;
				CLANG_WARN_OBJC_IMPLICIT_RETAIN_SELF = YES;
				CLANG_WARN_OBJC_LITERAL_CONVERSION = YES;
				CLANG_WARN_OBJC_ROOT_CLASS = YES_ERROR;
				CLANG_WARN_QUOTED_INCLUDE_IN_FRAMEWORK_HEADER = YES;
				CLANG_WARN_RANGE_LOOP_ANALYSIS = YES;
				CLANG_WARN_STRICT_PROTOTYPES = YES;
				CLANG_WARN_SUSPICIOUS_MOVE = YES;
				CLANG_WARN_UNGUARDED_AVAILABILITY = YES_AGGRESSIVE;
				CLANG_WARN_UNREACHABLE_CODE = YES;
				CLANG_WARN__DUPLICATE_METHOD_MATCH = YES;
				COPY_PHASE_STRIP = NO;
				DEBUG_INFORMATION_FORMAT = "dwarf-with-dsym";
				ENABLE_NS_ASSERTIONS = NO;
				ENABLE_STRICT_OBJC_MSGSEND = YES;
				GCC_C_LANGUAGE_STANDARD = gnu11;
				GCC_NO_COMMON_BLOCKS = YES;
				GCC_WARN_64_TO_32_BIT_CONVERSION = YES;
				GCC_WARN_ABOUT_RETURN_TYPE = YES_ERROR;
				GCC_WARN_UNDECLARED_SELECTOR = YES;
				GCC_WARN_UNINITIALIZED_AUTOS = YES_AGGRESSIVE;
				GCC_WARN_UNUSED_FUNCTION = YES;
				GCC_WARN_UNUSED_VARIABLE = YES;
				IPHONEOS_DEPLOYMENT_TARGET = 14.4;
				MTL_ENABLE_DEBUG_INFO = NO;
				MTL_FAST_MATH = YES;
				SDKROOT = iphoneos;
				SWIFT_COMPILATION_MODE = wholemodule;
				SWIFT_OPTIMIZATION_LEVEL = "-O";
				VALIDATE_PRODUCT = YES;
			};
			name = Release;
		};
		D1D2BEC8263A8764007D63B4 /* Debug */ = {
			isa = XCBuildConfiguration;
			baseConfigurationReference = DA0EB8E6D784846827C560F7 /* Pods-MemoryTrace.debug.xcconfig */;
			buildSettings = {
				ASSETCATALOG_COMPILER_APPICON_NAME = AppIcon;
				ASSETCATALOG_COMPILER_GLOBAL_ACCENT_COLOR_NAME = AccentColor;
				CODE_SIGN_STYLE = Automatic;
				DEVELOPMENT_TEAM = 6D8SYQ63KK;
				INFOPLIST_FILE = MemoryTrace/Info.plist;
				LD_RUNPATH_SEARCH_PATHS = (
					"$(inherited)",
					"@executable_path/Frameworks",
				);
				PRODUCT_BUNDLE_IDENTIFIER = com.tistory.lsh424.MemoryTrace;
				PRODUCT_NAME = "$(TARGET_NAME)";
				SWIFT_VERSION = 5.0;
				TARGETED_DEVICE_FAMILY = "1,2";
			};
			name = Debug;
		};
		D1D2BEC9263A8764007D63B4 /* Release */ = {
			isa = XCBuildConfiguration;
			baseConfigurationReference = 05F3128E515B87D7E7D37E69 /* Pods-MemoryTrace.release.xcconfig */;
			buildSettings = {
				ASSETCATALOG_COMPILER_APPICON_NAME = AppIcon;
				ASSETCATALOG_COMPILER_GLOBAL_ACCENT_COLOR_NAME = AccentColor;
				CODE_SIGN_STYLE = Automatic;
				DEVELOPMENT_TEAM = 6D8SYQ63KK;
				INFOPLIST_FILE = MemoryTrace/Info.plist;
				LD_RUNPATH_SEARCH_PATHS = (
					"$(inherited)",
					"@executable_path/Frameworks",
				);
				PRODUCT_BUNDLE_IDENTIFIER = com.tistory.lsh424.MemoryTrace;
				PRODUCT_NAME = "$(TARGET_NAME)";
				SWIFT_VERSION = 5.0;
				TARGETED_DEVICE_FAMILY = "1,2";
			};
			name = Release;
		};
/* End XCBuildConfiguration section */

/* Begin XCConfigurationList section */
		D1D2BEAE263A875C007D63B4 /* Build configuration list for PBXProject "MemoryTrace" */ = {
			isa = XCConfigurationList;
			buildConfigurations = (
				D1D2BEC5263A8764007D63B4 /* Debug */,
				D1D2BEC6263A8764007D63B4 /* Release */,
			);
			defaultConfigurationIsVisible = 0;
			defaultConfigurationName = Release;
		};
		D1D2BEC7263A8764007D63B4 /* Build configuration list for PBXNativeTarget "MemoryTrace" */ = {
			isa = XCConfigurationList;
			buildConfigurations = (
				D1D2BEC8263A8764007D63B4 /* Debug */,
				D1D2BEC9263A8764007D63B4 /* Release */,
			);
			defaultConfigurationIsVisible = 0;
			defaultConfigurationName = Release;
		};
/* End XCConfigurationList section */
	};
	rootObject = D1D2BEAB263A875C007D63B4 /* Project object */;
}
